
Microsoft Visual Studio Solution File, Format Version 12.00
# Visual Studio Version 17
Project("{8BC9CEB8-8B4A-11D0-8D11-00A0C91BC942}") = "ck", "ck.vcxproj", "{73775900-5F03-880B-C8B1-880BB45C880B}"
EndProject
Project("{8BC9CEB8-8B4A-11D0-8D11-00A0C91BC942}") = "cJSON", "cJSON.vcxproj", "{A279280F-0E8E-50C0-D70F-F41F43E34CF1}"
EndProject
Project("{8BC9CEB8-8B4A-11D0-8D11-00A0C91BC942}") = "ckmem", "ckmem.vcxproj", "{B2033B0F-1E18-63C0-E799-0620536D5FF1}"
EndProject
Project("{8BC9CEB8-8B4A-11D0-8D11-00A0C91BC942}") = "cwalk", "cwalk.vcxproj", "{1766410F-837A-69C0-4CFC-0C20B8CF65F1}"
EndProject
Project("{8BC9CEB8-8B4A-11D0-8D11-00A0C91BC942}") = "fflib", "fflib.vcxproj", "{888B6E0F-F49F-96C0-BD21-3A2029F592F1}"
EndProject
Project("{8BC9CEB8-8B4A-11D0-8D11-00A0C91BC942}") = "lua", "lua.vcxproj", "{C78D880B-3397-887C-BC12-9F7C281B947C}"
EndProject
Global
	GlobalSection(SolutionConfigurationPlatforms) = preSolution
		Debug|x64 = Debug|x64
		Release|x64 = Release|x64
	EndGlobalSection
	GlobalSection(SolutionConfigurationPlatforms) = preSolution
		Debug|x86_32 = Debug|x86_32
		Release|x86_32 = Release|x86_32
	EndGlobalSection
	GlobalSection(ProjectConfigurationPlatforms) = postSolution
		{73775900-5F03-880B-C8B1-880BB45C880B}.Debug|x64.ActiveCfg = Debug|x64
		{73775900-5F03-880B-C8B1-880BB45C880B}.Debug|x64.Build.0 = Debug|x64
		{73775900-5F03-880B-C8B1-880BB45C880B}.Debug|x86_32.ActiveCfg = Debug x86_32|Win32
		{73775900-5F03-880B-C8B1-880BB45C880B}.Debug|x86_32.Build.0 = Debug x86_32|Win32
		{73775900-5F03-880B-C8B1-880BB45C880B}.Release|x64.ActiveCfg = Release|x64
		{73775900-5F03-880B-C8B1-880BB45C880B}.Release|x64.Build.0 = Release|x64
		{73775900-5F03-880B-C8B1-880BB45C880B}.Release|x86_32.ActiveCfg = Release x86_32|Win32
		{73775900-5F03-880B-C8B1-880BB45C880B}.Release|x86_32.Build.0 = Release x86_32|Win32
		{A279280F-0E8E-50C0-D70F-F41F43E34CF1}.Debug|x64.ActiveCfg = Debug|x64
		{A279280F-0E8E-50C0-D70F-F41F43E34CF1}.Debug|x64.Build.0 = Debug|x64
		{A279280F-0E8E-50C0-D70F-F41F43E34CF1}.Debug|x86_32.ActiveCfg = Debug x86_32|Win32
		{A279280F-0E8E-50C0-D70F-F41F43E34CF1}.Debug|x86_32.Build.0 = Debug x86_32|Win32
		{A279280F-0E8E-50C0-D70F-F41F43E34CF1}.Release|x64.ActiveCfg = Release|x64
		{A279280F-0E8E-50C0-D70F-F41F43E34CF1}.Release|x64.Build.0 = Release|x64
		{A279280F-0E8E-50C0-D70F-F41F43E34CF1}.Release|x86_32.ActiveCfg = Release x86_32|Win32
		{A279280F-0E8E-50C0-D70F-F41F43E34CF1}.Release|x86_32.Build.0 = Release x86_32|Win32
		{B2033B0F-1E18-63C0-E799-0620536D5FF1}.Debug|x64.ActiveCfg = Debug|x64
		{B2033B0F-1E18-63C0-E799-0620536D5FF1}.Debug|x64.Build.0 = Debug|x64
		{B2033B0F-1E18-63C0-E799-0620536D5FF1}.Debug|x86_32.ActiveCfg = Debug x86_32|Win32
		{B2033B0F-1E18-63C0-E799-0620536D5FF1}.Debug|x86_32.Build.0 = Debug x86_32|Win32
		{B2033B0F-1E18-63C0-E799-0620536D5FF1}.Release|x64.ActiveCfg = Release|x64
		{B2033B0F-1E18-63C0-E799-0620536D5FF1}.Release|x64.Build.0 = Release|x64
		{B2033B0F-1E18-63C0-E799-0620536D5FF1}.Release|x86_32.ActiveCfg = Release x86_32|Win32
		{B2033B0F-1E18-63C0-E799-0620536D5FF1}.Release|x86_32.Build.0 = Release x86_32|Win32
		{1766410F-837A-69C0-4CFC-0C20B8CF65F1}.Debug|x64.ActiveCfg = Debug|x64
		{1766410F-837A-69C0-4CFC-0C20B8CF65F1}.Debug|x64.Build.0 = Debug|x64
		{1766410F-837A-69C0-4CFC-0C20B8CF65F1}.Debug|x86_32.ActiveCfg = Debug x86_32|Win32
		{1766410F-837A-69C0-4CFC-0C20B8CF65F1}.Debug|x86_32.Build.0 = Debug x86_32|Win32
		{1766410F-837A-69C0-4CFC-0C20B8CF65F1}.Release|x64.ActiveCfg = Release|x64
		{1766410F-837A-69C0-4CFC-0C20B8CF65F1}.Release|x64.Build.0 = Release|x64
		{1766410F-837A-69C0-4CFC-0C20B8CF65F1}.Release|x86_32.ActiveCfg = Release x86_32|Win32
		{1766410F-837A-69C0-4CFC-0C20B8CF65F1}.Release|x86_32.Build.0 = Release x86_32|Win32
		{888B6E0F-F49F-96C0-BD21-3A2029F592F1}.Debug|x64.ActiveCfg = Debug|x64
		{888B6E0F-F49F-96C0-BD21-3A2029F592F1}.Debug|x64.Build.0 = Debug|x64
		{888B6E0F-F49F-96C0-BD21-3A2029F592F1}.Debug|x86_32.ActiveCfg = Debug x86_32|Win32
		{888B6E0F-F49F-96C0-BD21-3A2029F592F1}.Debug|x86_32.Build.0 = Debug x86_32|Win32
		{888B6E0F-F49F-96C0-BD21-3A2029F592F1}.Release|x64.ActiveCfg = Release|x64
		{888B6E0F-F49F-96C0-BD21-3A2029F592F1}.Release|x64.Build.0 = Release|x64
		{888B6E0F-F49F-96C0-BD21-3A2029F592F1}.Release|x86_32.ActiveCfg = Release x86_32|Win32
		{888B6E0F-F49F-96C0-BD21-3A2029F592F1}.Release|x86_32.Build.0 = Release x86_32|Win32
		{C78D880B-3397-887C-BC12-9F7C281B947C}.Debug|x64.ActiveCfg = Debug|x64
		{C78D880B-3397-887C-BC12-9F7C281B947C}.Debug|x64.Build.0 = Debug|x64
		{C78D880B-3397-887C-BC12-9F7C281B947C}.Debug|x86_32.ActiveCfg = Debug x86_32|Win32
		{C78D880B-3397-887C-BC12-9F7C281B947C}.Debug|x86_32.Build.0 = Debug x86_32|Win32
		{C78D880B-3397-887C-BC12-9F7C281B947C}.Release|x64.ActiveCfg = Release|x64
		{C78D880B-3397-887C-BC12-9F7C281B947C}.Release|x64.Build.0 = Release|x64
		{C78D880B-3397-887C-BC12-9F7C281B947C}.Release|x86_32.ActiveCfg = Release x86_32|Win32
		{C78D880B-3397-887C-BC12-9F7C281B947C}.Release|x86_32.Build.0 = Release x86_32|Win32
	EndGlobalSection
	GlobalSection(SolutionProperties) = preSolution
		HideSolutionNode = FALSE
	EndGlobalSection
EndGlobal
