
Microsoft Visual Studio Solution File, Format Version 12.00
# Visual Studio Version 17
VisualStudioVersion = 17.4.33205.214
MinimumVisualStudioVersion = 10.0.40219.1
Project("{8BC9CEB8-8B4A-11D0-8D11-00A0C91BC942}") = "ck", "ck\ck.vcxproj", "{92924C78-8670-4551-8F28-818D6CF2F00C}"
EndProject
Project("{8BC9CEB8-8B4A-11D0-8D11-00A0C91BC942}") = "lua", "lua\lua.vcxproj", "{C989F8CD-47C7-402D-A277-F3278048BB07}"
EndProject
Project("{8BC9CEB8-8B4A-11D0-8D11-00A0C91BC942}") = "cJSON", "cJSON\cJSON.vcxproj", "{2DC338D8-8F1E-41D7-B591-E6B5A1413186}"
EndProject
Project("{2150E333-8FDC-42A3-9474-1A3956D46DE8}") = "Vendor", "Vendor", "{586EE561-0C1D-4FD5-A0B1-9F9C58A3EFF2}"
EndProject
Project("{8BC9CEB8-8B4A-11D0-8D11-00A0C91BC942}") = "cwalk", "cwalk\cwalk.vcxproj", "{F58C432E-2F46-4390-B683-941CBD335F50}"
EndProject
Project("{8BC9CEB8-8B4A-11D0-8D11-00A0C91BC942}") = "fflib", "fflib\fflib.vcxproj", "{A94E6A2A-F709-400E-BA44-735A168196BA}"
EndProject
Project("{8BC9CEB8-8B4A-11D0-8D11-00A0C91BC942}") = "ckmem", "ckmem\ckmem.vcxproj", "{2AC97A20-C5E8-4FF8-993E-367BAD438F26}"
EndProject
Global
	GlobalSection(SolutionConfigurationPlatforms) = preSolution
		Debug|x64 = Debug|x64
		Debug|x86 = Debug|x86
		Release|x64 = Release|x64
		Release|x86 = Release|x86
	EndGlobalSection
	GlobalSection(ProjectConfigurationPlatforms) = postSolution
		{92924C78-8670-4551-8F28-818D6CF2F00C}.Debug|x64.ActiveCfg = Debug|x64
		{92924C78-8670-4551-8F28-818D6CF2F00C}.Debug|x64.Build.0 = Debug|x64
		{92924C78-8670-4551-8F28-818D6CF2F00C}.Debug|x86.ActiveCfg = Debug|Win32
		{92924C78-8670-4551-8F28-818D6CF2F00C}.Debug|x86.Build.0 = Debug|Win32
		{92924C78-8670-4551-8F28-818D6CF2F00C}.Release|x64.ActiveCfg = Release|x64
		{92924C78-8670-4551-8F28-818D6CF2F00C}.Release|x64.Build.0 = Release|x64
		{92924C78-8670-4551-8F28-818D6CF2F00C}.Release|x86.ActiveCfg = Release|Win32
		{92924C78-8670-4551-8F28-818D6CF2F00C}.Release|x86.Build.0 = Release|Win32
		{C989F8CD-47C7-402D-A277-F3278048BB07}.Debug|x64.ActiveCfg = Debug|x64
		{C989F8CD-47C7-402D-A277-F3278048BB07}.Debug|x64.Build.0 = Debug|x64
		{C989F8CD-47C7-402D-A277-F3278048BB07}.Debug|x86.ActiveCfg = Debug|Win32
		{C989F8CD-47C7-402D-A277-F3278048BB07}.Debug|x86.Build.0 = Debug|Win32
		{C989F8CD-47C7-402D-A277-F3278048BB07}.Release|x64.ActiveCfg = Release|x64
		{C989F8CD-47C7-402D-A277-F3278048BB07}.Release|x64.Build.0 = Release|x64
		{C989F8CD-47C7-402D-A277-F3278048BB07}.Release|x86.ActiveCfg = Release|Win32
		{C989F8CD-47C7-402D-A277-F3278048BB07}.Release|x86.Build.0 = Release|Win32
		{2DC338D8-8F1E-41D7-B591-E6B5A1413186}.Debug|x64.ActiveCfg = Debug|x64
		{2DC338D8-8F1E-41D7-B591-E6B5A1413186}.Debug|x64.Build.0 = Debug|x64
		{2DC338D8-8F1E-41D7-B591-E6B5A1413186}.Debug|x86.ActiveCfg = Debug|Win32
		{2DC338D8-8F1E-41D7-B591-E6B5A1413186}.Debug|x86.Build.0 = Debug|Win32
		{2DC338D8-8F1E-41D7-B591-E6B5A1413186}.Release|x64.ActiveCfg = Release|x64
		{2DC338D8-8F1E-41D7-B591-E6B5A1413186}.Release|x64.Build.0 = Release|x64
		{2DC338D8-8F1E-41D7-B591-E6B5A1413186}.Release|x86.ActiveCfg = Release|Win32
		{2DC338D8-8F1E-41D7-B591-E6B5A1413186}.Release|x86.Build.0 = Release|Win32
		{F58C432E-2F46-4390-B683-941CBD335F50}.Debug|x64.ActiveCfg = Debug|x64
		{F58C432E-2F46-4390-B683-941CBD335F50}.Debug|x64.Build.0 = Debug|x64
		{F58C432E-2F46-4390-B683-941CBD335F50}.Debug|x86.ActiveCfg = Debug|Win32
		{F58C432E-2F46-4390-B683-941CBD335F50}.Debug|x86.Build.0 = Debug|Win32
		{F58C432E-2F46-4390-B683-941CBD335F50}.Release|x64.ActiveCfg = Release|x64
		{F58C432E-2F46-4390-B683-941CBD335F50}.Release|x64.Build.0 = Release|x64
		{F58C432E-2F46-4390-B683-941CBD335F50}.Release|x86.ActiveCfg = Release|Win32
		{F58C432E-2F46-4390-B683-941CBD335F50}.Release|x86.Build.0 = Release|Win32
		{A94E6A2A-F709-400E-BA44-735A168196BA}.Debug|x64.ActiveCfg = Debug|x64
		{A94E6A2A-F709-400E-BA44-735A168196BA}.Debug|x64.Build.0 = Debug|x64
		{A94E6A2A-F709-400E-BA44-735A168196BA}.Debug|x86.ActiveCfg = Debug|Win32
		{A94E6A2A-F709-400E-BA44-735A168196BA}.Debug|x86.Build.0 = Debug|Win32
		{A94E6A2A-F709-400E-BA44-735A168196BA}.Release|x64.ActiveCfg = Release|x64
		{A94E6A2A-F709-400E-BA44-735A168196BA}.Release|x64.Build.0 = Release|x64
		{A94E6A2A-F709-400E-BA44-735A168196BA}.Release|x86.ActiveCfg = Release|Win32
		{A94E6A2A-F709-400E-BA44-735A168196BA}.Release|x86.Build.0 = Release|Win32
		{2AC97A20-C5E8-4FF8-993E-367BAD438F26}.Debug|x64.ActiveCfg = Debug|x64
		{2AC97A20-C5E8-4FF8-993E-367BAD438F26}.Debug|x64.Build.0 = Debug|x64
		{2AC97A20-C5E8-4FF8-993E-367BAD438F26}.Debug|x86.ActiveCfg = Debug|Win32
		{2AC97A20-C5E8-4FF8-993E-367BAD438F26}.Debug|x86.Build.0 = Debug|Win32
		{2AC97A20-C5E8-4FF8-993E-367BAD438F26}.Release|x64.ActiveCfg = Release|x64
		{2AC97A20-C5E8-4FF8-993E-367BAD438F26}.Release|x64.Build.0 = Release|x64
		{2AC97A20-C5E8-4FF8-993E-367BAD438F26}.Release|x86.ActiveCfg = Release|Win32
		{2AC97A20-C5E8-4FF8-993E-367BAD438F26}.Release|x86.Build.0 = Release|Win32
	EndGlobalSection
	GlobalSection(SolutionProperties) = preSolution
		HideSolutionNode = FALSE
	EndGlobalSection
	GlobalSection(NestedProjects) = preSolution
		{C989F8CD-47C7-402D-A277-F3278048BB07} = {586EE561-0C1D-4FD5-A0B1-9F9C58A3EFF2}
		{2DC338D8-8F1E-41D7-B591-E6B5A1413186} = {586EE561-0C1D-4FD5-A0B1-9F9C58A3EFF2}
		{F58C432E-2F46-4390-B683-941CBD335F50} = {586EE561-0C1D-4FD5-A0B1-9F9C58A3EFF2}
	EndGlobalSection
	GlobalSection(ExtensibilityGlobals) = postSolution
		SolutionGuid = {D148AA53-7BC5-43D4-AB6D-71A3C34F6D17}
	EndGlobalSection
EndGlobal
