
Microsoft Visual Studio Solution File, Format Version 12.00
# Visual Studio Version 17
VisualStudioVersion = 17.8.34330.188
MinimumVisualStudioVersion = 10.0.40219.1
Project("{9A19103F-16F7-4668-BE54-9A1E7A4F7556}") = "ck", "ck.csproj", "{D042CC4D-5721-440B-95FE-C210568A331E}"
EndProject
Global
	GlobalSection(SolutionConfigurationPlatforms) = preSolution
		Debug|Any CPU = Debug|Any CPU
		Debug|x64 = Debug|x64
		Debug|x86 = Debug|x86
		Release|Any CPU = Release|Any CPU
		Release|x64 = Release|x64
		Release|x86 = Release|x86
	EndGlobalSection
	GlobalSection(ProjectConfigurationPlatforms) = postSolution
		{D042CC4D-5721-440B-95FE-C210568A331E}.Debug|Any CPU.ActiveCfg = Debug|Any CPU
		{D042CC4D-5721-440B-95FE-C210568A331E}.Debug|Any CPU.Build.0 = Debug|Any CPU
		{D042CC4D-5721-440B-95FE-C210568A331E}.Debug|x64.ActiveCfg = Debug|Any CPU
		{D042CC4D-5721-440B-95FE-C210568A331E}.Debug|x64.Build.0 = Debug|Any CPU
		{D042CC4D-5721-440B-95FE-C210568A331E}.Debug|x86.ActiveCfg = Debug|Any CPU
		{D042CC4D-5721-440B-95FE-C210568A331E}.Debug|x86.Build.0 = Debug|Any CPU
		{D042CC4D-5721-440B-95FE-C210568A331E}.Release|Any CPU.ActiveCfg = Release|Any CPU
		{D042CC4D-5721-440B-95FE-C210568A331E}.Release|Any CPU.Build.0 = Release|Any CPU
		{D042CC4D-5721-440B-95FE-C210568A331E}.Release|x64.ActiveCfg = Release|Any CPU
		{D042CC4D-5721-440B-95FE-C210568A331E}.Release|x64.Build.0 = Release|Any CPU
		{D042CC4D-5721-440B-95FE-C210568A331E}.Release|x86.ActiveCfg = Release|Any CPU
		{D042CC4D-5721-440B-95FE-C210568A331E}.Release|x86.Build.0 = Release|Any CPU
	EndGlobalSection
	GlobalSection(SolutionProperties) = preSolution
		HideSolutionNode = FALSE
	EndGlobalSection
	GlobalSection(ExtensibilityGlobals) = postSolution
		SolutionGuid = {4DBF50F9-EA7E-492F-A7FE-89974F53CB76}
	EndGlobalSection
EndGlobal
