<?xml version="1.0" encoding="utf-8"?>
<Project ToolsVersion="4.0" xmlns="http://schemas.microsoft.com/developer/msbuild/2003">
  <ItemGroup>
    <Filter Include="include">
      <UniqueIdentifier>{89AF369E-F58E-B539-FEA6-40106A051C9B}</UniqueIdentifier>
    </Filter>
    <Filter Include="include\Syntax">
      <UniqueIdentifier>{1FF08F21-0BBE-8327-F451-F44DE0BE5F8C}</UniqueIdentifier>
    </Filter>
    <Filter Include="include\Util">
      <UniqueIdentifier>{76E4D169-6247-610E-0BCD-99C4F70E2D91}</UniqueIdentifier>
    </Filter>
    <Filter Include="src">
      <UniqueIdentifier>{2DAB880B-99B4-887C-2230-9F7C8E38947C}</UniqueIdentifier>
    </Filter>
    <Filter Include="src\Syntax">
      <UniqueIdentifier>{43EBA52F-2FA3-E77C-98AA-C0D88481826D}</UniqueIdentifier>
    </Filter>
    <Filter Include="src\Util">
      <UniqueIdentifier>{9AC626CF-8693-81DA-AFAC-6F829BD8B668}</UniqueIdentifier>
    </Filter>
  </ItemGroup>
  <ItemGroup>
    <ClInclude Include="ck\include\Configs.h">
      <Filter>include</Filter>
    </ClInclude>
    <ClInclude Include="ck\include\Diagnostics.h">
      <Filter>include</Filter>
    </ClInclude>
    <ClInclude Include="ck\include\Driver.h">
      <Filter>include</Filter>
    </ClInclude>
    <ClInclude Include="ck\include\FileIO.h">
      <Filter>include</Filter>
    </ClInclude>
    <ClInclude Include="ck\include\Food.h">
      <Filter>include</Filter>
    </ClInclude>
    <ClInclude Include="ck\include\Syntax\Expression.h">
      <Filter>include\Syntax</Filter>
    </ClInclude>
    <ClInclude Include="ck\include\Syntax\Lex.h">
      <Filter>include\Syntax</Filter>
    </ClInclude>
    <ClInclude Include="ck\include\Syntax\Parser.h">
      <Filter>include\Syntax</Filter>
    </ClInclude>
    <ClInclude Include="ck\include\Syntax\ParserExpressions.h">
      <Filter>include\Syntax</Filter>
    </ClInclude>
    <ClInclude Include="ck\include\Syntax\ParserStatements.h">
      <Filter>include\Syntax</Filter>
    </ClInclude>
    <ClInclude Include="ck\include\Syntax\ParserTypes.h">
      <Filter>include\Syntax</Filter>
    </ClInclude>
    <ClInclude Include="ck\include\Syntax\Semantics.h">
      <Filter>include\Syntax</Filter>
    </ClInclude>
    <ClInclude Include="ck\include\Util\Time.h">
      <Filter>include\Util</Filter>
    </ClInclude>
  </ItemGroup>
  <ItemGroup>
    <ClCompile Include="ck\src\Configs.c">
      <Filter>src</Filter>
    </ClCompile>
    <ClCompile Include="ck\src\Diagnostics.c">
      <Filter>src</Filter>
    </ClCompile>
    <ClCompile Include="ck\src\Driver.c">
      <Filter>src</Filter>
    </ClCompile>
    <ClCompile Include="ck\src\FileIO.c">
      <Filter>src</Filter>
    </ClCompile>
    <ClCompile Include="ck\src\Food.c">
      <Filter>src</Filter>
    </ClCompile>
    <ClCompile Include="ck\src\Main.c">
      <Filter>src</Filter>
    </ClCompile>
    <ClCompile Include="ck\src\Syntax\Expression.c">
      <Filter>src\Syntax</Filter>
    </ClCompile>
    <ClCompile Include="ck\src\Syntax\Lex.c">
      <Filter>src\Syntax</Filter>
    </ClCompile>
    <ClCompile Include="ck\src\Syntax\Parser.c">
      <Filter>src\Syntax</Filter>
    </ClCompile>
    <ClCompile Include="ck\src\Syntax\ParserExpressions.c">
      <Filter>src\Syntax</Filter>
    </ClCompile>
    <ClCompile Include="ck\src\Syntax\ParserStatements.c">
      <Filter>src\Syntax</Filter>
    </ClCompile>
    <ClCompile Include="ck\src\Syntax\ParserTypes.c">
      <Filter>src\Syntax</Filter>
    </ClCompile>
    <ClCompile Include="ck\src\Syntax\Semantics.c">
      <Filter>src\Syntax</Filter>
    </ClCompile>
    <ClCompile Include="ck\src\Util\Time.c">
      <Filter>src\Util</Filter>
    </ClCompile>
  </ItemGroup>
</Project>